
Microsoft Visual Studio Solution File, Format Version 12.00
# Visual Studio Version 17
VisualStudioVersion = 17.0.33027.175
MinimumVisualStudioVersion = 10.0.40219.1
Project("{FAE04EC0-301F-11D3-BF4B-00C04F79EFBC}") = "eTickets", "eTickets\eTickets.csproj", "{313BA710-B657-47F1-90E2-85AD7C91341B}"
EndProject
Global
	GlobalSection(SolutionConfigurationPlatforms) = preSolution
		Debug|Any CPU = Debug|Any CPU
		Release|Any CPU = Release|Any CPU
	EndGlobalSection
	GlobalSection(ProjectConfigurationPlatforms) = postSolution
		{313BA710-B657-47F1-90E2-85AD7C91341B}.Debug|Any CPU.ActiveCfg = Debug|Any CPU
		{313BA710-B657-47F1-90E2-85AD7C91341B}.Debug|Any CPU.Build.0 = Debug|Any CPU
		{313BA710-B657-47F1-90E2-85AD7C91341B}.Release|Any CPU.ActiveCfg = Release|Any CPU
		{313BA710-B657-47F1-90E2-85AD7C91341B}.Release|Any CPU.Build.0 = Release|Any CPU
	EndGlobalSection
	GlobalSection(SolutionProperties) = preSolution
		HideSolutionNode = FALSE
	EndGlobalSection
	GlobalSection(ExtensibilityGlobals) = postSolution
		SolutionGuid = {91851652-FFDB-4495-BE8D-33A4BCDE3C1C}
	EndGlobalSection
EndGlobal
